name: update-flake-lock
on:
  workflow_dispatch: # allows manual triggering
  schedule:
    - cron: "0 0 * * 0" # weekly on Sunday at 00:00
    - cron: "20 0 * * 0" # weekly on Sunday at 00:20

jobs:
  lockfile:
    runs-on: macos-14
    if: ${{ github.event_name != 'pull_request' }}
    steps:
      - uses: actions/create-github-app-token@v2
        id: token
        with:
          app-id: ${{ secrets.BOT_ID }}
          private-key: ${{ secrets.BOT }}

      - name: Checkout repository
        uses: actions/checkout@v5
        with:
          token: ${{ steps.token.outputs.token }}

      - name: Install Nix
        uses: DeterminateSystems/nix-installer-action@main

      - name: update flake lock
        uses: ck3mp3r/actions/update-flake-lock@refactor/extract-update-logic
        with:
          github-token: ${{ steps.token.outputs.token }}
          checks-required: "Check"
